
Microsoft Visual Studio Solution File, Format Version 12.00
# Visual Studio 15
VisualStudioVersion = 15.0.28307.329
MinimumVisualStudioVersion = 10.0.40219.1
Project("{9A19103F-16F7-4668-BE54-9A1E7A4F7556}") = "WebUsers", "WebUsers\WebUsers.csproj", "{C40222CA-8E43-4BF6-A5C4-B76D5C3578A4}"
EndProject
Project("{FAE04EC0-301F-11D3-BF4B-00C04F79EFBC}") = "WebUser_Test", "WebUser_Test\WebUser_Test.csproj", "{6CAF0A0E-2FDE-4AF0-B081-2080FA5C2C07}"
EndProject
Global
	GlobalSection(SolutionConfigurationPlatforms) = preSolution
		Debug|Any CPU = Debug|Any CPU
		Release|Any CPU = Release|Any CPU
	EndGlobalSection
	GlobalSection(ProjectConfigurationPlatforms) = postSolution
		{C40222CA-8E43-4BF6-A5C4-B76D5C3578A4}.Debug|Any CPU.ActiveCfg = Debug|Any CPU
		{C40222CA-8E43-4BF6-A5C4-B76D5C3578A4}.Debug|Any CPU.Build.0 = Debug|Any CPU
		{C40222CA-8E43-4BF6-A5C4-B76D5C3578A4}.Release|Any CPU.ActiveCfg = Release|Any CPU
		{C40222CA-8E43-4BF6-A5C4-B76D5C3578A4}.Release|Any CPU.Build.0 = Release|Any CPU
		{6CAF0A0E-2FDE-4AF0-B081-2080FA5C2C07}.Debug|Any CPU.ActiveCfg = Debug|Any CPU
		{6CAF0A0E-2FDE-4AF0-B081-2080FA5C2C07}.Debug|Any CPU.Build.0 = Debug|Any CPU
		{6CAF0A0E-2FDE-4AF0-B081-2080FA5C2C07}.Release|Any CPU.ActiveCfg = Release|Any CPU
		{6CAF0A0E-2FDE-4AF0-B081-2080FA5C2C07}.Release|Any CPU.Build.0 = Release|Any CPU
	EndGlobalSection
	GlobalSection(SolutionProperties) = preSolution
		HideSolutionNode = FALSE
	EndGlobalSection
	GlobalSection(ExtensibilityGlobals) = postSolution
		SolutionGuid = {91CA4074-85D7-44E5-8631-E249AC70AA69}
	EndGlobalSection
EndGlobal
